
Microsoft Visual Studio Solution File, Format Version 12.00
# Visual Studio Version 17
VisualStudioVersion = 17.0.32112.339
MinimumVisualStudioVersion = 10.0.40219.1
Project("{FAE04EC0-301F-11D3-BF4B-00C04F79EFBC}") = "Prj_Soft_Protection", "Prj_Soft_Protection\Prj_Soft_Protection.csproj", "{748DCB21-92DE-4393-BBCB-12B78E46C0DA}"
EndProject
Global
	GlobalSection(SolutionConfigurationPlatforms) = preSolution
		Debug|Any CPU = Debug|Any CPU
		Release|Any CPU = Release|Any CPU
	EndGlobalSection
	GlobalSection(ProjectConfigurationPlatforms) = postSolution
		{748DCB21-92DE-4393-BBCB-12B78E46C0DA}.Debug|Any CPU.ActiveCfg = Debug|Any CPU
		{748DCB21-92DE-4393-BBCB-12B78E46C0DA}.Debug|Any CPU.Build.0 = Debug|Any CPU
		{748DCB21-92DE-4393-BBCB-12B78E46C0DA}.Release|Any CPU.ActiveCfg = Release|Any CPU
		{748DCB21-92DE-4393-BBCB-12B78E46C0DA}.Release|Any CPU.Build.0 = Release|Any CPU
	EndGlobalSection
	GlobalSection(SolutionProperties) = preSolution
		HideSolutionNode = FALSE
	EndGlobalSection
	GlobalSection(ExtensibilityGlobals) = postSolution
		SolutionGuid = {6E2DA35C-AA6B-4613-B964-5479F2F238AB}
	EndGlobalSection
EndGlobal
